# This file is automatically @generated by Cargo.
# It is not intended for manual editing.
version = 4

[[package]]
name = "tatami"
version = "0.1.0"
dependencies = [
 "tatami-auth",
 "tatami-connection",
 "tatami-keys",
 "tatami-quic",
 "tatami-tcp",
]

[[package]]
name = "tatami-auth"
version = "0.1.0"
dependencies = [
 "tatami-keys",
 "tatami-wire",
]

[[package]]
name = "tatami-connection"
version = "0.1.0"
dependencies = [
 "tatami-wire",
]

[[package]]
name = "tatami-keys"
version = "0.1.0"
dependencies = [
 "tatami-wire",
]

[[package]]
name = "tatami-quic"
version = "0.1.0"
dependencies = [
 "tatami-auth",
 "tatami-connection",
 "tatami-keys",
 "tatami-wire",
]

[[package]]
name = "tatami-tcp"
version = "0.1.0"
dependencies = [
 "tatami-auth",
 "tatami-connection",
 "tatami-keys",
 "tatami-wire",
]

[[package]]
name = "tatami-wire"
version = "0.1.0"
